
Microsoft Visual Studio Solution File, Format Version 12.00
# Visual Studio 15
VisualStudioVersion = 15.0.28307.1000
MinimumVisualStudioVersion = 10.0.40219.1
Project("{FAE04EC0-301F-11D3-BF4B-00C04F79EFBC}") = "LoginTest", "LoginTest\LoginTest.csproj", "{908A5A56-061B-4DE6-B5C2-764F8E3FA7E2}"
EndProject
Global
	GlobalSection(SolutionConfigurationPlatforms) = preSolution
		Debug|Any CPU = Debug|Any CPU
		Release|Any CPU = Release|Any CPU
	EndGlobalSection
	GlobalSection(ProjectConfigurationPlatforms) = postSolution
		{908A5A56-061B-4DE6-B5C2-764F8E3FA7E2}.Debug|Any CPU.ActiveCfg = Debug|Any CPU
		{908A5A56-061B-4DE6-B5C2-764F8E3FA7E2}.Debug|Any CPU.Build.0 = Debug|Any CPU
		{908A5A56-061B-4DE6-B5C2-764F8E3FA7E2}.Release|Any CPU.ActiveCfg = Release|Any CPU
		{908A5A56-061B-4DE6-B5C2-764F8E3FA7E2}.Release|Any CPU.Build.0 = Release|Any CPU
	EndGlobalSection
	GlobalSection(SolutionProperties) = preSolution
		HideSolutionNode = FALSE
	EndGlobalSection
	GlobalSection(ExtensibilityGlobals) = postSolution
		SolutionGuid = {F9DE41C7-801D-41DB-BAAD-AE1E6B9DAAC4}
	EndGlobalSection
EndGlobal
